// !$*UTF8*$!
{
	archiveVersion = 1;
	classes = {
	};
	objectVersion = 50;
	objects = {

/* Begin PBXBuildFile section */
		17525BD2257F8B26006CEC68 /* AppDelegate.swift in Sources */ = {isa = PBXBuildFile; fileRef = 17525BD1257F8B26006CEC68 /* AppDelegate.swift */; };
		17525BD4257F8B26006CEC68 /* SceneDelegate.swift in Sources */ = {isa = PBXBuildFile; fileRef = 17525BD3257F8B26006CEC68 /* SceneDelegate.swift */; };
		17525BD6257F8B26006CEC68 /* ViewController.swift in Sources */ = {isa = PBXBuildFile; fileRef = 17525BD5257F8B26006CEC68 /* ViewController.swift */; };
		17525BD9257F8B26006CEC68 /* Main.storyboard in Resources */ = {isa = PBXBuildFile; fileRef = 17525BD7257F8B26006CEC68 /* Main.storyboard */; };
		17525BDB257F8B27006CEC68 /* Assets.xcassets in Resources */ = {isa = PBXBuildFile; fileRef = 17525BDA257F8B27006CEC68 /* Assets.xcassets */; };
		17525BDE257F8B27006CEC68 /* LaunchScreen.storyboard in Resources */ = {isa = PBXBuildFile; fileRef = 17525BDC257F8B27006CEC68 /* LaunchScreen.storyboard */; };
/* End PBXBuildFile section */

/* Begin PBXFileReference section */
		17525BCE257F8B26006CEC68 /* LittleYellow_Git.app */ = {isa = PBXFileReference; explicitFileType = wrapper.application; includeInIndex = 0; path = LittleYellow_Git.app; sourceTree = BUILT_PRODUCTS_DIR; };
		17525BD1257F8B26006CEC68 /* AppDelegate.swift */ = {isa = PBXFileReference; lastKnownFileType = sourcecode.swift; path = AppDelegate.swift; sourceTree = "<group>"; };
		17525BD3257F8B26006CEC68 /* SceneDelegate.swift */ = {isa = PBXFileReference; lastKnownFileType = sourcecode.swift; path = SceneDelegate.swift; sourceTree = "<group>"; };
		17525BD5257F8B26006CEC68 /* ViewController.swift */ = {isa = PBXFileReference; lastKnownFileType = sourcecode.swift; path = ViewController.swift; sourceTree = "<group>"; };
		17525BD8257F8B26006CEC68 /* Base */ = {isa = PBXFileReference; lastKnownFileType = file.storyboard; name = Base; path = Base.lproj/Main.storyboard; sourceTree = "<group>"; };
		17525BDA257F8B27006CEC68 /* Assets.xcassets */ = {isa = PBXFileReference; lastKnownFileType = folder.assetcatalog; path = Assets.xcassets; sourceTree = "<group>"; };
		17525BDD257F8B27006CEC68 /* Base */ = {isa = PBXFileReference; lastKnownFileType = file.storyboard; name = Base; path = Base.lproj/LaunchScreen.storyboard; sourceTree = "<group>"; };
		17525BDF257F8B27006CEC68 /* Info.plist */ = {isa = PBXFileReference; lastKnownFileType = text.plist.xml; path = Info.plist; sourceTree = "<group>"; };
/* End PBXFileReference section */

/* Begin PBXFrameworksBuildPhase section */
		17525BCB257F8B26006CEC68 /* Frameworks */ = {
			isa = PBXFrameworksBuildPhase;
			buildActionMask = 2147483647;
			files = (
			);
			runOnlyForDeploymentPostprocessing = 0;
		};
/* End PBXFrameworksBuildPhase section */

/* Begin PBXGroup section */
		17525BC5257F8B26006CEC68 = {
			isa = PBXGroup;
			children = (
				17525BD0257F8B26006CEC68 /* LittleYellow_Git */,
				17525BCF257F8B26006CEC68 /* Products */,
			);
			sourceTree = "<group>";
		};
		17525BCF257F8B26006CEC68 /* Products */ = {
			isa = PBXGroup;
			children = (
				17525BCE257F8B26006CEC68 /* LittleYellow_Git.app */,
			);
			name = Products;
			sourceTree = "<group>";
		};
		17525BD0257F8B26006CEC68 /* LittleYellow_Git */ = {
			isa = PBXGroup;
			children = (
				17525BD1257F8B26006CEC68 /* AppDelegate.swift */,
				17525BD3257F8B26006CEC68 /* SceneDelegate.swift */,
				17525BD5257F8B26006CEC68 /* ViewController.swift */,
				17525BD7257F8B26006CEC68 /* Main.storyboard */,
				17525BDA257F8B27006CEC68 /* Assets.xcassets */,
				17525BDC257F8B27006CEC68 /* LaunchScreen.storyboard */,
				17525BDF257F8B27006CEC68 /* Info.plist */,
			);
			path = LittleYellow_Git;
			sourceTree = "<group>";
		};
/* End PBXGroup section */

/* Begin PBXNativeTarget section */
		17525BCD257F8B26006CEC68 /* LittleYellow_Git */ = {
			isa = PBXNativeTarget;
			buildConfigurationList = 17525BE2257F8B27006CEC68 /* Build configuration list for PBXNativeTarget "LittleYellow_Git" */;
			buildPhases = (
				17525BCA257F8B26006CEC68 /* Sources */,
				17525BCB257F8B26006CEC68 /* Frameworks */,
				17525BCC257F8B26006CEC68 /* Resources */,
			);
			buildRules = (
			);
			dependencies = (
			);
			name = LittleYellow_Git;
			productName = LittleYellow_Git;
			productReference = 17525BCE257F8B26006CEC68 /* LittleYellow_Git.app */;
			productType = "com.apple.product-type.application";
		};
/* End PBXNativeTarget section */

/* Begin PBXProject section */
		17525BC6257F8B26006CEC68 /* Project object */ = {
			isa = PBXProject;
			attributes = {
				LastSwiftUpdateCheck = 1220;
				LastUpgradeCheck = 1220;
				TargetAttributes = {
					17525BCD257F8B26006CEC68 = {
						CreatedOnToolsVersion = 12.2;
					};
				};
			};
			buildConfigurationList = 17525BC9257F8B26006CEC68 /* Build configuration list for PBXProject "LittleYellow_Git" */;
			compatibilityVersion = "Xcode 9.3";
			developmentRegion = en;
			hasScannedForEncodings = 0;
			knownRegions = (
				en,
				Base,
			);
			mainGroup = 17525BC5257F8B26006CEC68;
			productRefGroup = 17525BCF257F8B26006CEC68 /* Products */;
			projectDirPath = "";
			projectRoot = "";
			targets = (
				17525BCD257F8B26006CEC68 /* LittleYellow_Git */,
			);
		};
/* End PBXProject section */

/* Begin PBXResourcesBuildPhase section */
		17525BCC257F8B26006CEC68 /* Resources */ = {
			isa = PBXResourcesBuildPhase;
			buildActionMask = 2147483647;
			files = (
				17525BDE257F8B27006CEC68 /* LaunchScreen.storyboard in Resources */,
				17525BDB257F8B27006CEC68 /* Assets.xcassets in Resources */,
				17525BD9257F8B26006CEC68 /* Main.storyboard in Resources */,
			);
			runOnlyForDeploymentPostprocessing = 0;
		};
/* End PBXResourcesBuildPhase section */

/* Begin PBXSourcesBuildPhase section */
		17525BCA257F8B26006CEC68 /* Sources */ = {
			isa = PBXSourcesBuildPhase;
			buildActionMask = 2147483647;
			files = (
				17525BD6257F8B26006CEC68 /* ViewController.swift in Sources */,
				17525BD2257F8B26006CEC68 /* AppDelegate.swift in Sources */,
				17525BD4257F8B26006CEC68 /* SceneDelegate.swift in Sources */,
			);
			runOnlyForDeploymentPostprocessing = 0;
		};
/* End PBXSourcesBuildPhase section */

/* Begin PBXVariantGroup section */
		17525BD7257F8B26006CEC68 /* Main.storyboard */ = {
			isa = PBXVariantGroup;
			children = (
				17525BD8257F8B26006CEC68 /* Base */,
			);
			name = Main.storyboard;
			sourceTree = "<group>";
		};
		17525BDC257F8B27006CEC68 /* LaunchScreen.storyboard */ = {
			isa = PBXVariantGroup;
			children = (
				17525BDD257F8B27006CEC68 /* Base */,
			);
			name = LaunchScreen.storyboard;
			sourceTree = "<group>";
		};
/* End PBXVariantGroup section */

/* Begin XCBuildConfiguration section */
		17525BE0257F8B27006CEC68 /* Debug */ = {
			isa = XCBuildConfiguration;
			buildSettings = {
				ALWAYS_SEARCH_USER_PATHS = NO;
				CLANG_ANALYZER_NONNULL = YES;
				CLANG_ANALYZER_NUMBER_OBJECT_CONVERSION = YES_AGGRESSIVE;
				CLANG_CXX_LANGUAGE_STANDARD = "gnu++14";
				CLANG_CXX_LIBRARY = "libc++";
				CLANG_ENABLE_MODULES = YES;
				CLANG_ENABLE_OBJC_ARC = YES;
				CLANG_ENABLE_OBJC_WEAK = YES;
				CLANG_WARN_BLOCK_CAPTURE_AUTORELEASING = YES;
				CLANG_WARN_BOOL_CONVERSION = YES;
				CLANG_WARN_COMMA = YES;
				CLANG_WARN_CONSTANT_CONVERSION = YES;
				CLANG_WARN_DEPRECATED_OBJC_IMPLEMENTATIONS = YES;
				CLANG_WARN_DIRECT_OBJC_ISA_USAGE = YES_ERROR;
				CLANG_WARN_DOCUMENTATION_COMMENTS = YES;
				CLANG_WARN_EMPTY_BODY = YES;
				CLANG_WARN_ENUM_CONVERSION = YES;
				CLANG_WARN_INFINITE_RECURSION = YES;
				CLANG_WARN_INT_CONVERSION = YES;
				CLANG_WARN_NON_LITERAL_NULL_CONVERSION = YES;
				CLANG_WARN_OBJC_IMPLICIT_RETAIN_SELF = YES;
				CLANG_WARN_OBJC_LITERAL_CONVERSION = YES;
				CLANG_WARN_OBJC_ROOT_CLASS = YES_ERROR;
				CLANG_WARN_QUOTED_INCLUDE_IN_FRAMEWORK_HEADER = YES;
				CLANG_WARN_RANGE_LOOP_ANALYSIS = YES;
				CLANG_WARN_STRICT_PROTOTYPES = YES;
				CLANG_WARN_SUSPICIOUS_MOVE = YES;
				CLANG_WARN_UNGUARDED_AVAILABILITY = YES_AGGRESSIVE;
				CLANG_WARN_UNREACHABLE_CODE = YES;
				CLANG_WARN__DUPLICATE_METHOD_MATCH = YES;
				COPY_PHASE_STRIP = NO;
				DEBUG_INFORMATION_FORMAT = dwarf;
				ENABLE_STRICT_OBJC_MSGSEND = YES;
				ENABLE_TESTABILITY = YES;
				GCC_C_LANGUAGE_STANDARD = gnu11;
				GCC_DYNAMIC_NO_PIC = NO;
				GCC_NO_COMMON_BLOCKS = YES;
				GCC_OPTIMIZATION_LEVEL = 0;
				GCC_PREPROCESSOR_DEFINITIONS = (
					"DEBUG=1",
					"$(inherited)",
				);
				GCC_WARN_64_TO_32_BIT_CONVERSION = YES;
				GCC_WARN_ABOUT_RETURN_TYPE = YES_ERROR;
				GCC_WARN_UNDECLARED_SELECTOR = YES;
				GCC_WARN_UNINITIALIZED_AUTOS = YES_AGGRESSIVE;
				GCC_WARN_UNUSED_FUNCTION = YES;
				GCC_WARN_UNUSED_VARIABLE = YES;
				IPHONEOS_DEPLOYMENT_TARGET = 14.2;
				MTL_ENABLE_DEBUG_INFO = INCLUDE_SOURCE;
				MTL_FAST_MATH = YES;
				ONLY_ACTIVE_ARCH = YES;
				SDKROOT = iphoneos;
				SWIFT_ACTIVE_COMPILATION_CONDITIONS = DEBUG;
				SWIFT_OPTIMIZATION_LEVEL = "-Onone";
			};
			name = Debug;
		};
		17525BE1257F8B27006CEC68 /* Release */ = {
			isa = XCBuildConfiguration;
			buildSettings = {
				ALWAYS_SEARCH_USER_PATHS = NO;
				CLANG_ANALYZER_NONNULL = YES;
				CLANG_ANALYZER_NUMBER_OBJECT_CONVERSION = YES_AGGRESSIVE;
				CLANG_CXX_LANGUAGE_STANDARD = "gnu++14";
				CLANG_CXX_LIBRARY = "libc++";
				CLANG_ENABLE_MODULES = YES;
				CLANG_ENABLE_OBJC_ARC = YES;
				CLANG_ENABLE_OBJC_WEAK = YES;
				CLANG_WARN_BLOCK_CAPTURE_AUTORELEASING = YES;
				CLANG_WARN_BOOL_CONVERSION = YES;
				CLANG_WARN_COMMA = YES;
				CLANG_WARN_CONSTANT_CONVERSION = YES;
				CLANG_WARN_DEPRECATED_OBJC_IMPLEMENTATIONS = YES;
				CLANG_WARN_DIRECT_OBJC_ISA_USAGE = YES_ERROR;
				CLANG_WARN_DOCUMENTATION_COMMENTS = YES;
				CLANG_WARN_EMPTY_BODY = YES;
				CLANG_WARN_ENUM_CONVERSION = YES;
				CLANG_WARN_INFINITE_RECURSION = YES;
				CLANG_WARN_INT_CONVERSION = YES;
				CLANG_WARN_NON_LITERAL_NULL_CONVERSION = YES;
				CLANG_WARN_OBJC_IMPLICIT_RETAIN_SELF = YES;
				CLANG_WARN_OBJC_LITERAL_CONVERSION = YES;
				CLANG_WARN_OBJC_ROOT_CLASS = YES_ERROR;
				CLANG_WARN_QUOTED_INCLUDE_IN_FRAMEWORK_HEADER = YES;
				CLANG_WARN_RANGE_LOOP_ANALYSIS = YES;
				CLANG_WARN_STRICT_PROTOTYPES = YES;
				CLANG_WARN_SUSPICIOUS_MOVE = YES;
				CLANG_WARN_UNGUARDED_AVAILABILITY = YES_AGGRESSIVE;
				CLANG_WARN_UNREACHABLE_CODE = YES;
				CLANG_WARN__DUPLICATE_METHOD_MATCH = YES;
				COPY_PHASE_STRIP = NO;
				DEBUG_INFORMATION_FORMAT = "dwarf-with-dsym";
				ENABLE_NS_ASSERTIONS = NO;
				ENABLE_STRICT_OBJC_MSGSEND = YES;
				GCC_C_LANGUAGE_STANDARD = gnu11;
				GCC_NO_COMMON_BLOCKS = YES;
				GCC_WARN_64_TO_32_BIT_CONVERSION = YES;
				GCC_WARN_ABOUT_RETURN_TYPE = YES_ERROR;
				GCC_WARN_UNDECLARED_SELECTOR = YES;
				GCC_WARN_UNINITIALIZED_AUTOS = YES_AGGRESSIVE;
				GCC_WARN_UNUSED_FUNCTION = YES;
				GCC_WARN_UNUSED_VARIABLE = YES;
				IPHONEOS_DEPLOYMENT_TARGET = 14.2;
				MTL_ENABLE_DEBUG_INFO = NO;
				MTL_FAST_MATH = YES;
				SDKROOT = iphoneos;
				SWIFT_COMPILATION_MODE = wholemodule;
				SWIFT_OPTIMIZATION_LEVEL = "-O";
				VALIDATE_PRODUCT = YES;
			};
			name = Release;
		};
		17525BE3257F8B27006CEC68 /* Debug */ = {
			isa = XCBuildConfiguration;
			buildSettings = {
				ASSETCATALOG_COMPILER_APPICON_NAME = AppIcon;
				ASSETCATALOG_COMPILER_GLOBAL_ACCENT_COLOR_NAME = AccentColor;
				CODE_SIGN_STYLE = Automatic;
				DEVELOPMENT_TEAM = 2NY29D5YJ3;
				INFOPLIST_FILE = LittleYellow_Git/Info.plist;
				LD_RUNPATH_SEARCH_PATHS = (
					"$(inherited)",
					"@executable_path/Frameworks",
				);
				PRODUCT_BUNDLE_IDENTIFIER = "com.xusz12.LittleYellow-Git";
				PRODUCT_NAME = "$(TARGET_NAME)";
				SWIFT_VERSION = 5.0;
				TARGETED_DEVICE_FAMILY = "1,2";
			};
			name = Debug;
		};
		17525BE4257F8B27006CEC68 /* Release */ = {
			isa = XCBuildConfiguration;
			buildSettings = {
				ASSETCATALOG_COMPILER_APPICON_NAME = AppIcon;
				ASSETCATALOG_COMPILER_GLOBAL_ACCENT_COLOR_NAME = AccentColor;
				CODE_SIGN_STYLE = Automatic;
				DEVELOPMENT_TEAM = 2NY29D5YJ3;
				INFOPLIST_FILE = LittleYellow_Git/Info.plist;
				LD_RUNPATH_SEARCH_PATHS = (
					"$(inherited)",
					"@executable_path/Frameworks",
				);
				PRODUCT_BUNDLE_IDENTIFIER = "com.xusz12.LittleYellow-Git";
				PRODUCT_NAME = "$(TARGET_NAME)";
				SWIFT_VERSION = 5.0;
				TARGETED_DEVICE_FAMILY = "1,2";
			};
			name = Release;
		};
/* End XCBuildConfiguration section */

/* Begin XCConfigurationList section */
		17525BC9257F8B26006CEC68 /* Build configuration list for PBXProject "LittleYellow_Git" */ = {
			isa = XCConfigurationList;
			buildConfigurations = (
				17525BE0257F8B27006CEC68 /* Debug */,
				17525BE1257F8B27006CEC68 /* Release */,
			);
			defaultConfigurationIsVisible = 0;
			defaultConfigurationName = Release;
		};
		17525BE2257F8B27006CEC68 /* Build configuration list for PBXNativeTarget "LittleYellow_Git" */ = {
			isa = XCConfigurationList;
			buildConfigurations = (
				17525BE3257F8B27006CEC68 /* Debug */,
				17525BE4257F8B27006CEC68 /* Release */,
			);
			defaultConfigurationIsVisible = 0;
			defaultConfigurationName = Release;
		};
/* End XCConfigurationList section */
	};
	rootObject = 17525BC6257F8B26006CEC68 /* Project object */;
}
